
Microsoft Visual Studio Solution File, Format Version 12.00
# Visual Studio Version 16
VisualStudioVersion = 16.0.29613.14
MinimumVisualStudioVersion = 10.0.40219.1
Project("{F184B08F-C81C-45F6-A57F-5ABD9991F28F}") = "Online Examination", "Online Examination\Online Examination.vbproj", "{FF3B1CC2-3BB2-44CF-B66D-44B67709F0B5}"
EndProject
Global
	GlobalSection(SolutionConfigurationPlatforms) = preSolution
		Debug|Any CPU = Debug|Any CPU
		Release|Any CPU = Release|Any CPU
	EndGlobalSection
	GlobalSection(ProjectConfigurationPlatforms) = postSolution
		{FF3B1CC2-3BB2-44CF-B66D-44B67709F0B5}.Debug|Any CPU.ActiveCfg = Debug|Any CPU
		{FF3B1CC2-3BB2-44CF-B66D-44B67709F0B5}.Debug|Any CPU.Build.0 = Debug|Any CPU
		{FF3B1CC2-3BB2-44CF-B66D-44B67709F0B5}.Release|Any CPU.ActiveCfg = Release|Any CPU
		{FF3B1CC2-3BB2-44CF-B66D-44B67709F0B5}.Release|Any CPU.Build.0 = Release|Any CPU
	EndGlobalSection
	GlobalSection(SolutionProperties) = preSolution
		HideSolutionNode = FALSE
	EndGlobalSection
	GlobalSection(ExtensibilityGlobals) = postSolution
		SolutionGuid = {6059C894-C071-4004-9189-B66F3EFE4EA1}
	EndGlobalSection
EndGlobal
